
Microsoft Visual Studio Solution File, Format Version 12.00
# Visual Studio Version 16
VisualStudioVersion = 16.0.30320.27
MinimumVisualStudioVersion = 10.0.40219.1
Project("{FAE04EC0-301F-11D3-BF4B-00C04F79EFBC}") = "AnalizadorLexico", "AnalizadorLexico\AnalizadorLexico.csproj", "{7A1CA1A8-A314-4410-9767-171D09C070CC}"
EndProject
Global
	GlobalSection(SolutionConfigurationPlatforms) = preSolution
		Debug|Any CPU = Debug|Any CPU
		Release|Any CPU = Release|Any CPU
	EndGlobalSection
	GlobalSection(ProjectConfigurationPlatforms) = postSolution
		{7A1CA1A8-A314-4410-9767-171D09C070CC}.Debug|Any CPU.ActiveCfg = Debug|Any CPU
		{7A1CA1A8-A314-4410-9767-171D09C070CC}.Debug|Any CPU.Build.0 = Debug|Any CPU
		{7A1CA1A8-A314-4410-9767-171D09C070CC}.Release|Any CPU.ActiveCfg = Release|Any CPU
		{7A1CA1A8-A314-4410-9767-171D09C070CC}.Release|Any CPU.Build.0 = Release|Any CPU
	EndGlobalSection
	GlobalSection(SolutionProperties) = preSolution
		HideSolutionNode = FALSE
	EndGlobalSection
	GlobalSection(ExtensibilityGlobals) = postSolution
		SolutionGuid = {8E301F6B-B1B4-4F99-B1A6-728AAE0C9AC7}
	EndGlobalSection
EndGlobal
