
Microsoft Visual Studio Solution File, Format Version 12.00
# Visual Studio Version 16
VisualStudioVersion = 16.0.30320.27
MinimumVisualStudioVersion = 10.0.40219.1
Project("{FAE04EC0-301F-11D3-BF4B-00C04F79EFBC}") = "Analizador_Lexico", "Analizador_Lexico\Analizador_Lexico.csproj", "{25355AC6-7BA4-414B-917B-79B02AE841AE}"
EndProject
Global
	GlobalSection(SolutionConfigurationPlatforms) = preSolution
		Debug|Any CPU = Debug|Any CPU
		Release|Any CPU = Release|Any CPU
	EndGlobalSection
	GlobalSection(ProjectConfigurationPlatforms) = postSolution
		{25355AC6-7BA4-414B-917B-79B02AE841AE}.Debug|Any CPU.ActiveCfg = Debug|Any CPU
		{25355AC6-7BA4-414B-917B-79B02AE841AE}.Debug|Any CPU.Build.0 = Debug|Any CPU
		{25355AC6-7BA4-414B-917B-79B02AE841AE}.Release|Any CPU.ActiveCfg = Release|Any CPU
		{25355AC6-7BA4-414B-917B-79B02AE841AE}.Release|Any CPU.Build.0 = Release|Any CPU
	EndGlobalSection
	GlobalSection(SolutionProperties) = preSolution
		HideSolutionNode = FALSE
	EndGlobalSection
	GlobalSection(ExtensibilityGlobals) = postSolution
		SolutionGuid = {BDA8DE24-24A3-4CB6-9523-AB7CB25F3726}
	EndGlobalSection
EndGlobal
